
Microsoft Visual Studio Solution File, Format Version 12.00
# Visual Studio 15
VisualStudioVersion = 15.0.28307.1022
MinimumVisualStudioVersion = 10.0.40219.1
Project("{8BC9CEB8-8B4A-11D0-8D11-00A0C91BC942}") = "Inventory", "Inventory\Inventory.vcxproj", "{E6897A86-11AD-4684-9881-994191070C69}"
EndProject
Global
	GlobalSection(SolutionConfigurationPlatforms) = preSolution
		Debug|x64 = Debug|x64
		Debug|x86 = Debug|x86
		Release|x64 = Release|x64
		Release|x86 = Release|x86
	EndGlobalSection
	GlobalSection(ProjectConfigurationPlatforms) = postSolution
		{E6897A86-11AD-4684-9881-994191070C69}.Debug|x64.ActiveCfg = Debug|x64
		{E6897A86-11AD-4684-9881-994191070C69}.Debug|x64.Build.0 = Debug|x64
		{E6897A86-11AD-4684-9881-994191070C69}.Debug|x86.ActiveCfg = Debug|Win32
		{E6897A86-11AD-4684-9881-994191070C69}.Debug|x86.Build.0 = Debug|Win32
		{E6897A86-11AD-4684-9881-994191070C69}.Release|x64.ActiveCfg = Release|x64
		{E6897A86-11AD-4684-9881-994191070C69}.Release|x64.Build.0 = Release|x64
		{E6897A86-11AD-4684-9881-994191070C69}.Release|x86.ActiveCfg = Release|Win32
		{E6897A86-11AD-4684-9881-994191070C69}.Release|x86.Build.0 = Release|Win32
	EndGlobalSection
	GlobalSection(SolutionProperties) = preSolution
		HideSolutionNode = FALSE
	EndGlobalSection
	GlobalSection(ExtensibilityGlobals) = postSolution
		SolutionGuid = {2EB2074B-936A-49A8-A59C-7D2D6CB3F6D6}
	EndGlobalSection
EndGlobal
